
Microsoft Visual Studio Solution File, Format Version 12.00
# Visual Studio Version 17
VisualStudioVersion = 17.6.33815.320
MinimumVisualStudioVersion = 10.0.40219.1
Project("{FAE04EC0-301F-11D3-BF4B-00C04F79EFBC}") = "RobotLibrary", "RobotLibrary\RobotLibrary.csproj", "{58A1E57E-E5E7-45CE-B61C-94CC509BFCEC}"
EndProject
Project("{FAE04EC0-301F-11D3-BF4B-00C04F79EFBC}") = "ConsoleRobotApp", "ConsoleRobotApp\ConsoleRobotApp.csproj", "{01572FA8-1018-4923-B532-55D5740A8E3D}"
EndProject
Project("{FAE04EC0-301F-11D3-BF4B-00C04F79EFBC}") = "RobotLibrary2", "RobotLibrary2\RobotLibrary2.csproj", "{5E66D173-05EB-4B5F-8B21-A60C55F03E94}"
EndProject
Global
	GlobalSection(SolutionConfigurationPlatforms) = preSolution
		Debug|Any CPU = Debug|Any CPU
		Release|Any CPU = Release|Any CPU
	EndGlobalSection
	GlobalSection(ProjectConfigurationPlatforms) = postSolution
		{58A1E57E-E5E7-45CE-B61C-94CC509BFCEC}.Debug|Any CPU.ActiveCfg = Debug|Any CPU
		{58A1E57E-E5E7-45CE-B61C-94CC509BFCEC}.Debug|Any CPU.Build.0 = Debug|Any CPU
		{58A1E57E-E5E7-45CE-B61C-94CC509BFCEC}.Release|Any CPU.ActiveCfg = Release|Any CPU
		{58A1E57E-E5E7-45CE-B61C-94CC509BFCEC}.Release|Any CPU.Build.0 = Release|Any CPU
		{01572FA8-1018-4923-B532-55D5740A8E3D}.Debug|Any CPU.ActiveCfg = Debug|Any CPU
		{01572FA8-1018-4923-B532-55D5740A8E3D}.Debug|Any CPU.Build.0 = Debug|Any CPU
		{01572FA8-1018-4923-B532-55D5740A8E3D}.Release|Any CPU.ActiveCfg = Release|Any CPU
		{01572FA8-1018-4923-B532-55D5740A8E3D}.Release|Any CPU.Build.0 = Release|Any CPU
		{5E66D173-05EB-4B5F-8B21-A60C55F03E94}.Debug|Any CPU.ActiveCfg = Debug|Any CPU
		{5E66D173-05EB-4B5F-8B21-A60C55F03E94}.Debug|Any CPU.Build.0 = Debug|Any CPU
		{5E66D173-05EB-4B5F-8B21-A60C55F03E94}.Release|Any CPU.ActiveCfg = Release|Any CPU
		{5E66D173-05EB-4B5F-8B21-A60C55F03E94}.Release|Any CPU.Build.0 = Release|Any CPU
	EndGlobalSection
	GlobalSection(SolutionProperties) = preSolution
		HideSolutionNode = FALSE
	EndGlobalSection
	GlobalSection(ExtensibilityGlobals) = postSolution
		SolutionGuid = {C4171C28-6D1E-46FB-A2A4-7006F529AB95}
	EndGlobalSection
EndGlobal
